
Microsoft Visual Studio Solution File, Format Version 12.00
# Visual Studio Version 16
VisualStudioVersion = 16.0.30011.22
MinimumVisualStudioVersion = 10.0.40219.1
Project("{FAE04EC0-301F-11D3-BF4B-00C04F79EFBC}") = "Admin_Monitor", "Admin_Monitor\Admin_Monitor.csproj", "{84643DC1-7E85-4123-9431-7D942FA7947E}"
EndProject
Global
	GlobalSection(SolutionConfigurationPlatforms) = preSolution
		Debug|Any CPU = Debug|Any CPU
		Release|Any CPU = Release|Any CPU
	EndGlobalSection
	GlobalSection(ProjectConfigurationPlatforms) = postSolution
		{84643DC1-7E85-4123-9431-7D942FA7947E}.Debug|Any CPU.ActiveCfg = Debug|Any CPU
		{84643DC1-7E85-4123-9431-7D942FA7947E}.Debug|Any CPU.Build.0 = Debug|Any CPU
		{84643DC1-7E85-4123-9431-7D942FA7947E}.Release|Any CPU.ActiveCfg = Release|Any CPU
		{84643DC1-7E85-4123-9431-7D942FA7947E}.Release|Any CPU.Build.0 = Release|Any CPU
	EndGlobalSection
	GlobalSection(SolutionProperties) = preSolution
		HideSolutionNode = FALSE
	EndGlobalSection
	GlobalSection(ExtensibilityGlobals) = postSolution
		SolutionGuid = {2E953A63-0634-44CF-90AB-4A144D5CE70F}
	EndGlobalSection
EndGlobal
